
Microsoft Visual Studio Solution File, Format Version 12.00
# Visual Studio Version 16
VisualStudioVersion = 16.0.29025.244
MinimumVisualStudioVersion = 10.0.40219.1
Project("{8BC9CEB8-8B4A-11D0-8D11-00A0C91BC942}") = "Ciclo_for", "Ciclo_for\Ciclo_for.vcxproj", "{80715FE3-8943-4EAA-97CC-F6E952540949}"
EndProject
Global
	GlobalSection(SolutionConfigurationPlatforms) = preSolution
		Debug|x64 = Debug|x64
		Debug|x86 = Debug|x86
		Release|x64 = Release|x64
		Release|x86 = Release|x86
	EndGlobalSection
	GlobalSection(ProjectConfigurationPlatforms) = postSolution
		{80715FE3-8943-4EAA-97CC-F6E952540949}.Debug|x64.ActiveCfg = Debug|x64
		{80715FE3-8943-4EAA-97CC-F6E952540949}.Debug|x64.Build.0 = Debug|x64
		{80715FE3-8943-4EAA-97CC-F6E952540949}.Debug|x86.ActiveCfg = Debug|Win32
		{80715FE3-8943-4EAA-97CC-F6E952540949}.Debug|x86.Build.0 = Debug|Win32
		{80715FE3-8943-4EAA-97CC-F6E952540949}.Release|x64.ActiveCfg = Release|x64
		{80715FE3-8943-4EAA-97CC-F6E952540949}.Release|x64.Build.0 = Release|x64
		{80715FE3-8943-4EAA-97CC-F6E952540949}.Release|x86.ActiveCfg = Release|Win32
		{80715FE3-8943-4EAA-97CC-F6E952540949}.Release|x86.Build.0 = Release|Win32
	EndGlobalSection
	GlobalSection(SolutionProperties) = preSolution
		HideSolutionNode = FALSE
	EndGlobalSection
	GlobalSection(ExtensibilityGlobals) = postSolution
		SolutionGuid = {06B4E4FA-A047-4FE1-BCA6-63BD55C07127}
	EndGlobalSection
EndGlobal
